// !$*UTF8*$!
{
	archiveVersion = 1;
	classes = {
	};
	objectVersion = 50;
	objects = {

/* Begin PBXBuildFile section */
		1709DF39264A49FD005CACA8 /* SymbolModifier.swift in Sources */ = {isa = PBXBuildFile; fileRef = 1709DF38264A49FD005CACA8 /* SymbolModifier.swift */; };
		1709DF3C264A7496005CACA8 /* CardTransition.swift in Sources */ = {isa = PBXBuildFile; fileRef = 1709DF3B264A7496005CACA8 /* CardTransition.swift */; };
		174482FF264955FE004A172F /* HoneymoonApp.swift in Sources */ = {isa = PBXBuildFile; fileRef = 174482FE264955FE004A172F /* HoneymoonApp.swift */; };
		17448301264955FE004A172F /* ContentView.swift in Sources */ = {isa = PBXBuildFile; fileRef = 17448300264955FE004A172F /* ContentView.swift */; };
		1744830326495601004A172F /* Assets.xcassets in Resources */ = {isa = PBXBuildFile; fileRef = 1744830226495601004A172F /* Assets.xcassets */; };
		1744830626495601004A172F /* Preview Assets.xcassets in Resources */ = {isa = PBXBuildFile; fileRef = 1744830526495601004A172F /* Preview Assets.xcassets */; };
		1744830E2649571F004A172F /* Sounds in Resources */ = {isa = PBXBuildFile; fileRef = 1744830D2649571F004A172F /* Sounds */; };
		17448310264957E9004A172F /* LaunchScreen.storyboard in Resources */ = {isa = PBXBuildFile; fileRef = 1744830F264957E9004A172F /* LaunchScreen.storyboard */; };
		1744831426495AB5004A172F /* HoneymoonModel.swift in Sources */ = {isa = PBXBuildFile; fileRef = 1744831326495AB5004A172F /* HoneymoonModel.swift */; };
		1744831726495B38004A172F /* HoneymoonData.swift in Sources */ = {isa = PBXBuildFile; fileRef = 1744831626495B38004A172F /* HoneymoonData.swift */; };
		1744831B26495BB7004A172F /* CardView.swift in Sources */ = {isa = PBXBuildFile; fileRef = 1744831A26495BB7004A172F /* CardView.swift */; };
		1744831D26495E40004A172F /* HeaderView.swift in Sources */ = {isa = PBXBuildFile; fileRef = 1744831C26495E40004A172F /* HeaderView.swift */; };
		1744831F26495FD4004A172F /* FooterView.swift in Sources */ = {isa = PBXBuildFile; fileRef = 1744831E26495FD4004A172F /* FooterView.swift */; };
		174483222649651F004A172F /* HeaderComponent.swift in Sources */ = {isa = PBXBuildFile; fileRef = 174483212649651F004A172F /* HeaderComponent.swift */; };
		17448324264965C2004A172F /* GuideComponent.swift in Sources */ = {isa = PBXBuildFile; fileRef = 17448323264965C2004A172F /* GuideComponent.swift */; };
		17448326264972F0004A172F /* GuideView.swift in Sources */ = {isa = PBXBuildFile; fileRef = 17448325264972F0004A172F /* GuideView.swift */; };
		17E114C92649BFC8003E5033 /* InfoView.swift in Sources */ = {isa = PBXBuildFile; fileRef = 17E114C82649BFC8003E5033 /* InfoView.swift */; };
		17E114CB2649C076003E5033 /* TitleModifier.swift in Sources */ = {isa = PBXBuildFile; fileRef = 17E114CA2649C076003E5033 /* TitleModifier.swift */; };
		17E114CE2649C49C003E5033 /* ButtonModifier.swift in Sources */ = {isa = PBXBuildFile; fileRef = 17E114CD2649C49C003E5033 /* ButtonModifier.swift */; };
/* End PBXBuildFile section */

/* Begin PBXFileReference section */
		1709DF38264A49FD005CACA8 /* SymbolModifier.swift */ = {isa = PBXFileReference; lastKnownFileType = sourcecode.swift; path = SymbolModifier.swift; sourceTree = "<group>"; };
		1709DF3B264A7496005CACA8 /* CardTransition.swift */ = {isa = PBXFileReference; lastKnownFileType = sourcecode.swift; path = CardTransition.swift; sourceTree = "<group>"; };
		174482FB264955FE004A172F /* Honeymoon.app */ = {isa = PBXFileReference; explicitFileType = wrapper.application; includeInIndex = 0; path = Honeymoon.app; sourceTree = BUILT_PRODUCTS_DIR; };
		174482FE264955FE004A172F /* HoneymoonApp.swift */ = {isa = PBXFileReference; lastKnownFileType = sourcecode.swift; path = HoneymoonApp.swift; sourceTree = "<group>"; };
		17448300264955FE004A172F /* ContentView.swift */ = {isa = PBXFileReference; lastKnownFileType = sourcecode.swift; path = ContentView.swift; sourceTree = "<group>"; };
		1744830226495601004A172F /* Assets.xcassets */ = {isa = PBXFileReference; lastKnownFileType = folder.assetcatalog; path = Assets.xcassets; sourceTree = "<group>"; };
		1744830526495601004A172F /* Preview Assets.xcassets */ = {isa = PBXFileReference; lastKnownFileType = folder.assetcatalog; path = "Preview Assets.xcassets"; sourceTree = "<group>"; };
		1744830726495601004A172F /* Info.plist */ = {isa = PBXFileReference; lastKnownFileType = text.plist.xml; path = Info.plist; sourceTree = "<group>"; };
		1744830D2649571F004A172F /* Sounds */ = {isa = PBXFileReference; lastKnownFileType = folder; path = Sounds; sourceTree = "<group>"; };
		1744830F264957E9004A172F /* LaunchScreen.storyboard */ = {isa = PBXFileReference; lastKnownFileType = file.storyboard; path = LaunchScreen.storyboard; sourceTree = "<group>"; };
		1744831326495AB5004A172F /* HoneymoonModel.swift */ = {isa = PBXFileReference; lastKnownFileType = sourcecode.swift; path = HoneymoonModel.swift; sourceTree = "<group>"; };
		1744831626495B38004A172F /* HoneymoonData.swift */ = {isa = PBXFileReference; lastKnownFileType = sourcecode.swift; path = HoneymoonData.swift; sourceTree = "<group>"; };
		1744831A26495BB7004A172F /* CardView.swift */ = {isa = PBXFileReference; lastKnownFileType = sourcecode.swift; path = CardView.swift; sourceTree = "<group>"; };
		1744831C26495E40004A172F /* HeaderView.swift */ = {isa = PBXFileReference; lastKnownFileType = sourcecode.swift; path = HeaderView.swift; sourceTree = "<group>"; };
		1744831E26495FD4004A172F /* FooterView.swift */ = {isa = PBXFileReference; lastKnownFileType = sourcecode.swift; path = FooterView.swift; sourceTree = "<group>"; };
		174483212649651F004A172F /* HeaderComponent.swift */ = {isa = PBXFileReference; lastKnownFileType = sourcecode.swift; path = HeaderComponent.swift; sourceTree = "<group>"; };
		17448323264965C2004A172F /* GuideComponent.swift */ = {isa = PBXFileReference; lastKnownFileType = sourcecode.swift; path = GuideComponent.swift; sourceTree = "<group>"; };
		17448325264972F0004A172F /* GuideView.swift */ = {isa = PBXFileReference; lastKnownFileType = sourcecode.swift; path = GuideView.swift; sourceTree = "<group>"; };
		17E114C82649BFC8003E5033 /* InfoView.swift */ = {isa = PBXFileReference; lastKnownFileType = sourcecode.swift; path = InfoView.swift; sourceTree = "<group>"; };
		17E114CA2649C076003E5033 /* TitleModifier.swift */ = {isa = PBXFileReference; lastKnownFileType = sourcecode.swift; path = TitleModifier.swift; sourceTree = "<group>"; };
		17E114CD2649C49C003E5033 /* ButtonModifier.swift */ = {isa = PBXFileReference; lastKnownFileType = sourcecode.swift; path = ButtonModifier.swift; sourceTree = "<group>"; };
/* End PBXFileReference section */

/* Begin PBXFrameworksBuildPhase section */
		174482F8264955FE004A172F /* Frameworks */ = {
			isa = PBXFrameworksBuildPhase;
			buildActionMask = 2147483647;
			files = (
			);
			runOnlyForDeploymentPostprocessing = 0;
		};
/* End PBXFrameworksBuildPhase section */

/* Begin PBXGroup section */
		1709DF3A264A746C005CACA8 /* Extension */ = {
			isa = PBXGroup;
			children = (
				1709DF3B264A7496005CACA8 /* CardTransition.swift */,
			);
			path = Extension;
			sourceTree = "<group>";
		};
		174482F2264955FE004A172F = {
			isa = PBXGroup;
			children = (
				174482FD264955FE004A172F /* Honeymoon */,
				174482FC264955FE004A172F /* Products */,
			);
			sourceTree = "<group>";
		};
		174482FC264955FE004A172F /* Products */ = {
			isa = PBXGroup;
			children = (
				174482FB264955FE004A172F /* Honeymoon.app */,
			);
			name = Products;
			sourceTree = "<group>";
		};
		174482FD264955FE004A172F /* Honeymoon */ = {
			isa = PBXGroup;
			children = (
				1709DF3A264A746C005CACA8 /* Extension */,
				17448320264964F8004A172F /* Component */,
				1744831926495B9F004A172F /* View */,
				1744831526495ABB004A172F /* Model */,
				17E114CC2649C0B4003E5033 /* Modifier */,
				1744831826495B40004A172F /* Data */,
				1744830D2649571F004A172F /* Sounds */,
				174482FE264955FE004A172F /* HoneymoonApp.swift */,
				1744830226495601004A172F /* Assets.xcassets */,
				1744830F264957E9004A172F /* LaunchScreen.storyboard */,
				1744830726495601004A172F /* Info.plist */,
				1744830426495601004A172F /* Preview Content */,
			);
			path = Honeymoon;
			sourceTree = "<group>";
		};
		1744830426495601004A172F /* Preview Content */ = {
			isa = PBXGroup;
			children = (
				1744830526495601004A172F /* Preview Assets.xcassets */,
			);
			path = "Preview Content";
			sourceTree = "<group>";
		};
		1744831526495ABB004A172F /* Model */ = {
			isa = PBXGroup;
			children = (
				1744831326495AB5004A172F /* HoneymoonModel.swift */,
			);
			path = Model;
			sourceTree = "<group>";
		};
		1744831826495B40004A172F /* Data */ = {
			isa = PBXGroup;
			children = (
				1744831626495B38004A172F /* HoneymoonData.swift */,
			);
			path = Data;
			sourceTree = "<group>";
		};
		1744831926495B9F004A172F /* View */ = {
			isa = PBXGroup;
			children = (
				17448300264955FE004A172F /* ContentView.swift */,
				1744831A26495BB7004A172F /* CardView.swift */,
				1744831C26495E40004A172F /* HeaderView.swift */,
				1744831E26495FD4004A172F /* FooterView.swift */,
				17448325264972F0004A172F /* GuideView.swift */,
				17E114C82649BFC8003E5033 /* InfoView.swift */,
			);
			path = View;
			sourceTree = "<group>";
		};
		17448320264964F8004A172F /* Component */ = {
			isa = PBXGroup;
			children = (
				174483212649651F004A172F /* HeaderComponent.swift */,
				17448323264965C2004A172F /* GuideComponent.swift */,
			);
			path = Component;
			sourceTree = "<group>";
		};
		17E114CC2649C0B4003E5033 /* Modifier */ = {
			isa = PBXGroup;
			children = (
				17E114CA2649C076003E5033 /* TitleModifier.swift */,
				17E114CD2649C49C003E5033 /* ButtonModifier.swift */,
				1709DF38264A49FD005CACA8 /* SymbolModifier.swift */,
			);
			path = Modifier;
			sourceTree = "<group>";
		};
/* End PBXGroup section */

/* Begin PBXNativeTarget section */
		174482FA264955FE004A172F /* Honeymoon */ = {
			isa = PBXNativeTarget;
			buildConfigurationList = 1744830A26495601004A172F /* Build configuration list for PBXNativeTarget "Honeymoon" */;
			buildPhases = (
				174482F7264955FE004A172F /* Sources */,
				174482F8264955FE004A172F /* Frameworks */,
				174482F9264955FE004A172F /* Resources */,
			);
			buildRules = (
			);
			dependencies = (
			);
			name = Honeymoon;
			productName = Honeymoon;
			productReference = 174482FB264955FE004A172F /* Honeymoon.app */;
			productType = "com.apple.product-type.application";
		};
/* End PBXNativeTarget section */

/* Begin PBXProject section */
		174482F3264955FE004A172F /* Project object */ = {
			isa = PBXProject;
			attributes = {
				LastSwiftUpdateCheck = 1250;
				LastUpgradeCheck = 1250;
				TargetAttributes = {
					174482FA264955FE004A172F = {
						CreatedOnToolsVersion = 12.5;
					};
				};
			};
			buildConfigurationList = 174482F6264955FE004A172F /* Build configuration list for PBXProject "Honeymoon" */;
			compatibilityVersion = "Xcode 9.3";
			developmentRegion = en;
			hasScannedForEncodings = 0;
			knownRegions = (
				en,
				Base,
			);
			mainGroup = 174482F2264955FE004A172F;
			productRefGroup = 174482FC264955FE004A172F /* Products */;
			projectDirPath = "";
			projectRoot = "";
			targets = (
				174482FA264955FE004A172F /* Honeymoon */,
			);
		};
/* End PBXProject section */

/* Begin PBXResourcesBuildPhase section */
		174482F9264955FE004A172F /* Resources */ = {
			isa = PBXResourcesBuildPhase;
			buildActionMask = 2147483647;
			files = (
				1744830E2649571F004A172F /* Sounds in Resources */,
				17448310264957E9004A172F /* LaunchScreen.storyboard in Resources */,
				1744830626495601004A172F /* Preview Assets.xcassets in Resources */,
				1744830326495601004A172F /* Assets.xcassets in Resources */,
			);
			runOnlyForDeploymentPostprocessing = 0;
		};
/* End PBXResourcesBuildPhase section */

/* Begin PBXSourcesBuildPhase section */
		174482F7264955FE004A172F /* Sources */ = {
			isa = PBXSourcesBuildPhase;
			buildActionMask = 2147483647;
			files = (
				1744831726495B38004A172F /* HoneymoonData.swift in Sources */,
				17E114C92649BFC8003E5033 /* InfoView.swift in Sources */,
				1744831F26495FD4004A172F /* FooterView.swift in Sources */,
				17E114CB2649C076003E5033 /* TitleModifier.swift in Sources */,
				1709DF3C264A7496005CACA8 /* CardTransition.swift in Sources */,
				1709DF39264A49FD005CACA8 /* SymbolModifier.swift in Sources */,
				1744831D26495E40004A172F /* HeaderView.swift in Sources */,
				1744831426495AB5004A172F /* HoneymoonModel.swift in Sources */,
				17E114CE2649C49C003E5033 /* ButtonModifier.swift in Sources */,
				174483222649651F004A172F /* HeaderComponent.swift in Sources */,
				17448301264955FE004A172F /* ContentView.swift in Sources */,
				174482FF264955FE004A172F /* HoneymoonApp.swift in Sources */,
				1744831B26495BB7004A172F /* CardView.swift in Sources */,
				17448324264965C2004A172F /* GuideComponent.swift in Sources */,
				17448326264972F0004A172F /* GuideView.swift in Sources */,
			);
			runOnlyForDeploymentPostprocessing = 0;
		};
/* End PBXSourcesBuildPhase section */

/* Begin XCBuildConfiguration section */
		1744830826495601004A172F /* Debug */ = {
			isa = XCBuildConfiguration;
			buildSettings = {
				ALWAYS_SEARCH_USER_PATHS = NO;
				CLANG_ANALYZER_NONNULL = YES;
				CLANG_ANALYZER_NUMBER_OBJECT_CONVERSION = YES_AGGRESSIVE;
				CLANG_CXX_LANGUAGE_STANDARD = "gnu++14";
				CLANG_CXX_LIBRARY = "libc++";
				CLANG_ENABLE_MODULES = YES;
				CLANG_ENABLE_OBJC_ARC = YES;
				CLANG_ENABLE_OBJC_WEAK = YES;
				CLANG_WARN_BLOCK_CAPTURE_AUTORELEASING = YES;
				CLANG_WARN_BOOL_CONVERSION = YES;
				CLANG_WARN_COMMA = YES;
				CLANG_WARN_CONSTANT_CONVERSION = YES;
				CLANG_WARN_DEPRECATED_OBJC_IMPLEMENTATIONS = YES;
				CLANG_WARN_DIRECT_OBJC_ISA_USAGE = YES_ERROR;
				CLANG_WARN_DOCUMENTATION_COMMENTS = YES;
				CLANG_WARN_EMPTY_BODY = YES;
				CLANG_WARN_ENUM_CONVERSION = YES;
				CLANG_WARN_INFINITE_RECURSION = YES;
				CLANG_WARN_INT_CONVERSION = YES;
				CLANG_WARN_NON_LITERAL_NULL_CONVERSION = YES;
				CLANG_WARN_OBJC_IMPLICIT_RETAIN_SELF = YES;
				CLANG_WARN_OBJC_LITERAL_CONVERSION = YES;
				CLANG_WARN_OBJC_ROOT_CLASS = YES_ERROR;
				CLANG_WARN_QUOTED_INCLUDE_IN_FRAMEWORK_HEADER = YES;
				CLANG_WARN_RANGE_LOOP_ANALYSIS = YES;
				CLANG_WARN_STRICT_PROTOTYPES = YES;
				CLANG_WARN_SUSPICIOUS_MOVE = YES;
				CLANG_WARN_UNGUARDED_AVAILABILITY = YES_AGGRESSIVE;
				CLANG_WARN_UNREACHABLE_CODE = YES;
				CLANG_WARN__DUPLICATE_METHOD_MATCH = YES;
				COPY_PHASE_STRIP = NO;
				DEBUG_INFORMATION_FORMAT = dwarf;
				ENABLE_STRICT_OBJC_MSGSEND = YES;
				ENABLE_TESTABILITY = YES;
				GCC_C_LANGUAGE_STANDARD = gnu11;
				GCC_DYNAMIC_NO_PIC = NO;
				GCC_NO_COMMON_BLOCKS = YES;
				GCC_OPTIMIZATION_LEVEL = 0;
				GCC_PREPROCESSOR_DEFINITIONS = (
					"DEBUG=1",
					"$(inherited)",
				);
				GCC_WARN_64_TO_32_BIT_CONVERSION = YES;
				GCC_WARN_ABOUT_RETURN_TYPE = YES_ERROR;
				GCC_WARN_UNDECLARED_SELECTOR = YES;
				GCC_WARN_UNINITIALIZED_AUTOS = YES_AGGRESSIVE;
				GCC_WARN_UNUSED_FUNCTION = YES;
				GCC_WARN_UNUSED_VARIABLE = YES;
				IPHONEOS_DEPLOYMENT_TARGET = 14.5;
				MTL_ENABLE_DEBUG_INFO = INCLUDE_SOURCE;
				MTL_FAST_MATH = YES;
				ONLY_ACTIVE_ARCH = YES;
				SDKROOT = iphoneos;
				SWIFT_ACTIVE_COMPILATION_CONDITIONS = DEBUG;
				SWIFT_OPTIMIZATION_LEVEL = "-Onone";
			};
			name = Debug;
		};
		1744830926495601004A172F /* Release */ = {
			isa = XCBuildConfiguration;
			buildSettings = {
				ALWAYS_SEARCH_USER_PATHS = NO;
				CLANG_ANALYZER_NONNULL = YES;
				CLANG_ANALYZER_NUMBER_OBJECT_CONVERSION = YES_AGGRESSIVE;
				CLANG_CXX_LANGUAGE_STANDARD = "gnu++14";
				CLANG_CXX_LIBRARY = "libc++";
				CLANG_ENABLE_MODULES = YES;
				CLANG_ENABLE_OBJC_ARC = YES;
				CLANG_ENABLE_OBJC_WEAK = YES;
				CLANG_WARN_BLOCK_CAPTURE_AUTORELEASING = YES;
				CLANG_WARN_BOOL_CONVERSION = YES;
				CLANG_WARN_COMMA = YES;
				CLANG_WARN_CONSTANT_CONVERSION = YES;
				CLANG_WARN_DEPRECATED_OBJC_IMPLEMENTATIONS = YES;
				CLANG_WARN_DIRECT_OBJC_ISA_USAGE = YES_ERROR;
				CLANG_WARN_DOCUMENTATION_COMMENTS = YES;
				CLANG_WARN_EMPTY_BODY = YES;
				CLANG_WARN_ENUM_CONVERSION = YES;
				CLANG_WARN_INFINITE_RECURSION = YES;
				CLANG_WARN_INT_CONVERSION = YES;
				CLANG_WARN_NON_LITERAL_NULL_CONVERSION = YES;
				CLANG_WARN_OBJC_IMPLICIT_RETAIN_SELF = YES;
				CLANG_WARN_OBJC_LITERAL_CONVERSION = YES;
				CLANG_WARN_OBJC_ROOT_CLASS = YES_ERROR;
				CLANG_WARN_QUOTED_INCLUDE_IN_FRAMEWORK_HEADER = YES;
				CLANG_WARN_RANGE_LOOP_ANALYSIS = YES;
				CLANG_WARN_STRICT_PROTOTYPES = YES;
				CLANG_WARN_SUSPICIOUS_MOVE = YES;
				CLANG_WARN_UNGUARDED_AVAILABILITY = YES_AGGRESSIVE;
				CLANG_WARN_UNREACHABLE_CODE = YES;
				CLANG_WARN__DUPLICATE_METHOD_MATCH = YES;
				COPY_PHASE_STRIP = NO;
				DEBUG_INFORMATION_FORMAT = "dwarf-with-dsym";
				ENABLE_NS_ASSERTIONS = NO;
				ENABLE_STRICT_OBJC_MSGSEND = YES;
				GCC_C_LANGUAGE_STANDARD = gnu11;
				GCC_NO_COMMON_BLOCKS = YES;
				GCC_WARN_64_TO_32_BIT_CONVERSION = YES;
				GCC_WARN_ABOUT_RETURN_TYPE = YES_ERROR;
				GCC_WARN_UNDECLARED_SELECTOR = YES;
				GCC_WARN_UNINITIALIZED_AUTOS = YES_AGGRESSIVE;
				GCC_WARN_UNUSED_FUNCTION = YES;
				GCC_WARN_UNUSED_VARIABLE = YES;
				IPHONEOS_DEPLOYMENT_TARGET = 14.5;
				MTL_ENABLE_DEBUG_INFO = NO;
				MTL_FAST_MATH = YES;
				SDKROOT = iphoneos;
				SWIFT_COMPILATION_MODE = wholemodule;
				SWIFT_OPTIMIZATION_LEVEL = "-O";
				VALIDATE_PRODUCT = YES;
			};
			name = Release;
		};
		1744830B26495601004A172F /* Debug */ = {
			isa = XCBuildConfiguration;
			buildSettings = {
				ASSETCATALOG_COMPILER_APPICON_NAME = AppIcon;
				ASSETCATALOG_COMPILER_GLOBAL_ACCENT_COLOR_NAME = AccentColor;
				CODE_SIGN_STYLE = Automatic;
				DEVELOPMENT_ASSET_PATHS = "\"Honeymoon/Preview Content\"";
				DEVELOPMENT_TEAM = 36NLX9Z4M4;
				ENABLE_PREVIEWS = YES;
				INFOPLIST_FILE = Honeymoon/Info.plist;
				IPHONEOS_DEPLOYMENT_TARGET = 14.0;
				LD_RUNPATH_SEARCH_PATHS = (
					"$(inherited)",
					"@executable_path/Frameworks",
				);
				PRODUCT_BUNDLE_IDENTIFIER = com.matt.Honeymoon;
				PRODUCT_NAME = "$(TARGET_NAME)";
				SWIFT_VERSION = 5.0;
				TARGETED_DEVICE_FAMILY = "1,2";
			};
			name = Debug;
		};
		1744830C26495601004A172F /* Release */ = {
			isa = XCBuildConfiguration;
			buildSettings = {
				ASSETCATALOG_COMPILER_APPICON_NAME = AppIcon;
				ASSETCATALOG_COMPILER_GLOBAL_ACCENT_COLOR_NAME = AccentColor;
				CODE_SIGN_STYLE = Automatic;
				DEVELOPMENT_ASSET_PATHS = "\"Honeymoon/Preview Content\"";
				DEVELOPMENT_TEAM = 36NLX9Z4M4;
				ENABLE_PREVIEWS = YES;
				INFOPLIST_FILE = Honeymoon/Info.plist;
				IPHONEOS_DEPLOYMENT_TARGET = 14.0;
				LD_RUNPATH_SEARCH_PATHS = (
					"$(inherited)",
					"@executable_path/Frameworks",
				);
				PRODUCT_BUNDLE_IDENTIFIER = com.matt.Honeymoon;
				PRODUCT_NAME = "$(TARGET_NAME)";
				SWIFT_VERSION = 5.0;
				TARGETED_DEVICE_FAMILY = "1,2";
			};
			name = Release;
		};
/* End XCBuildConfiguration section */

/* Begin XCConfigurationList section */
		174482F6264955FE004A172F /* Build configuration list for PBXProject "Honeymoon" */ = {
			isa = XCConfigurationList;
			buildConfigurations = (
				1744830826495601004A172F /* Debug */,
				1744830926495601004A172F /* Release */,
			);
			defaultConfigurationIsVisible = 0;
			defaultConfigurationName = Release;
		};
		1744830A26495601004A172F /* Build configuration list for PBXNativeTarget "Honeymoon" */ = {
			isa = XCConfigurationList;
			buildConfigurations = (
				1744830B26495601004A172F /* Debug */,
				1744830C26495601004A172F /* Release */,
			);
			defaultConfigurationIsVisible = 0;
			defaultConfigurationName = Release;
		};
/* End XCConfigurationList section */
	};
	rootObject = 174482F3264955FE004A172F /* Project object */;
}
